PODS:
  - Birdsong (0.4.4):
    - Starscream
  - Starscream (3.1.1)

DEPENDENCIES:
  - Birdsong (from `../`)

SPEC REPOS:
  https://github.com/cocoapods/specs.git:
    - Starscream

EXTERNAL SOURCES:
  Birdsong:
    :path: "../"

SPEC CHECKSUMS:
  Birdsong: 2f8f3fd46c8a83bee0a489c1c04f1c34530a5e78
  Starscream: 4bb2f9942274833f7b4d296a55504dcfc7edb7b0

PODFILE CHECKSUM: ca6596cd3e746770149cd3304f5326fa98782509

COCOAPODS: 1.5.3
